
Microsoft Visual Studio Solution File, Format Version 12.00
# Visual Studio Version 16
VisualStudioVersion = 16.0.29209.62
MinimumVisualStudioVersion = 10.0.40219.1
Project("{FAE04EC0-301F-11D3-BF4B-00C04F79EFBC}") = "exerciciosForeach", "exerciciosForeach\exerciciosForeach.csproj", "{19B0C7A1-EF82-46C6-8064-8830C0E04B89}"
EndProject
Global
	GlobalSection(SolutionConfigurationPlatforms) = preSolution
		Debug|Any CPU = Debug|Any CPU
		Release|Any CPU = Release|Any CPU
	EndGlobalSection
	GlobalSection(ProjectConfigurationPlatforms) = postSolution
		{19B0C7A1-EF82-46C6-8064-8830C0E04B89}.Debug|Any CPU.ActiveCfg = Debug|Any CPU
		{19B0C7A1-EF82-46C6-8064-8830C0E04B89}.Debug|Any CPU.Build.0 = Debug|Any CPU
		{19B0C7A1-EF82-46C6-8064-8830C0E04B89}.Release|Any CPU.ActiveCfg = Release|Any CPU
		{19B0C7A1-EF82-46C6-8064-8830C0E04B89}.Release|Any CPU.Build.0 = Release|Any CPU
	EndGlobalSection
	GlobalSection(SolutionProperties) = preSolution
		HideSolutionNode = FALSE
	EndGlobalSection
	GlobalSection(ExtensibilityGlobals) = postSolution
		SolutionGuid = {486D3C90-04DA-43F0-B202-2A0789F37F04}
	EndGlobalSection
EndGlobal
